
Microsoft Visual Studio Solution File, Format Version 12.00
# Visual Studio Version 17
VisualStudioVersion = 17.9.34728.123
MinimumVisualStudioVersion = 10.0.40219.1
Project("{FAE04EC0-301F-11D3-BF4B-00C04F79EFBC}") = "LauncherM", "LauncherM\LauncherM.csproj", "{34CF4F82-25B7-49FB-96A6-665B79D43F75}"
EndProject
Global
	GlobalSection(SolutionConfigurationPlatforms) = preSolution
		Debug|Any CPU = Debug|Any CPU
		Release|Any CPU = Release|Any CPU
	EndGlobalSection
	GlobalSection(ProjectConfigurationPlatforms) = postSolution
		{34CF4F82-25B7-49FB-96A6-665B79D43F75}.Debug|Any CPU.ActiveCfg = Debug|Any CPU
		{34CF4F82-25B7-49FB-96A6-665B79D43F75}.Debug|Any CPU.Build.0 = Debug|Any CPU
		{34CF4F82-25B7-49FB-96A6-665B79D43F75}.Release|Any CPU.ActiveCfg = Release|Any CPU
		{34CF4F82-25B7-49FB-96A6-665B79D43F75}.Release|Any CPU.Build.0 = Release|Any CPU
	EndGlobalSection
	GlobalSection(SolutionProperties) = preSolution
		HideSolutionNode = FALSE
	EndGlobalSection
	GlobalSection(ExtensibilityGlobals) = postSolution
		SolutionGuid = {8439888F-0C02-419A-BA8F-FBF8BA6FD577}
	EndGlobalSection
EndGlobal
